
Microsoft Visual Studio Solution File, Format Version 12.00
# Visual Studio Version 16
VisualStudioVersion = 16.0.28803.202
MinimumVisualStudioVersion = 10.0.40219.1
Project("{2150E333-8FDC-42A3-9474-1A3956D46DE8}") = "Business", "Business", "{B4BBDD27-D2F2-4BEC-94D9-4198D686183F}"
EndProject
Project("{2150E333-8FDC-42A3-9474-1A3956D46DE8}") = "Data", "Data", "{B0C1FEBD-9F94-431A-8FFE-5471A8A12AAA}"
EndProject
Project("{2150E333-8FDC-42A3-9474-1A3956D46DE8}") = "MyUtility", "MyUtility", "{EBC55C76-72BE-4651-A40E-E545C33B7BD0}"
EndProject
Project("{2150E333-8FDC-42A3-9474-1A3956D46DE8}") = "Web", "Web", "{9D0AF577-C899-42EC-8386-F4D84AC680A4}"
EndProject
Project("{9A19103F-16F7-4668-BE54-9A1E7A4F7556}") = "RoadFlow.Model", "RoadFlow.Model\RoadFlow.Model.csproj", "{0433DA33-BA14-4E0E-9282-DA06B8B5E64C}"
EndProject
Project("{9A19103F-16F7-4668-BE54-9A1E7A4F7556}") = "RoadFlow.Data", "RoadFlow.Data\RoadFlow.Data.csproj", "{BE7F180D-2379-4A56-AB18-8878C05C66D3}"
EndProject
Project("{9A19103F-16F7-4668-BE54-9A1E7A4F7556}") = "RoadFlow.Mapper", "RoadFlow.Mapper\RoadFlow.Mapper.csproj", "{5A9278C1-F4C3-4B04-87A3-04159368DD70}"
EndProject
Project("{9A19103F-16F7-4668-BE54-9A1E7A4F7556}") = "RoadFlow.Business", "RoadFlow.Business\RoadFlow.Business.csproj", "{C633614D-6594-4112-80BF-D2C16C95EF53}"
EndProject
Project("{9A19103F-16F7-4668-BE54-9A1E7A4F7556}") = "RoadFlow.Utility", "RoadFlow.Utility\RoadFlow.Utility.csproj", "{3F7412F9-D75A-4E43-B274-8356879E97AD}"
EndProject
Project("{9A19103F-16F7-4668-BE54-9A1E7A4F7556}") = "LogUtility", "LogUtility\LogUtility.csproj", "{8F3CE747-A58F-42BE-9A31-50F6F2049838}"
EndProject
Project("{9A19103F-16F7-4668-BE54-9A1E7A4F7556}") = "SecurityUtility", "SecurityUtility\SecurityUtility.csproj", "{6721144E-2A67-4516-895D-6F8B0718BCF5}"
EndProject
Project("{2150E333-8FDC-42A3-9474-1A3956D46DE8}") = "ExtentionUtility", "ExtentionUtility", "{B531780F-4CB0-47CD-B83B-69C2C2145994}"
EndProject
Project("{2150E333-8FDC-42A3-9474-1A3956D46DE8}") = "Tests", "Tests", "{BE1DFF1B-3823-4925-803A-60C856BD4826}"
EndProject
Project("{9A19103F-16F7-4668-BE54-9A1E7A4F7556}") = "UnitTestUtilty", "UnitTestUtilty\UnitTestUtilty.csproj", "{F1FE7CF3-D108-4F93-8A63-FD8D60D89DE2}"
EndProject
Project("{9A19103F-16F7-4668-BE54-9A1E7A4F7556}") = "SchedulersUtility", "Schedulers\SchedulersUtility.csproj", "{E9857637-79DA-40D3-9AD8-C1499991E3FE}"
EndProject
Project("{9A19103F-16F7-4668-BE54-9A1E7A4F7556}") = "WebCore", "WebCore\WebCore.csproj", "{567458A9-D89F-49B7-95A4-C8241E0F0736}"
EndProject
Global
	GlobalSection(SolutionConfigurationPlatforms) = preSolution
		Debug|Any CPU = Debug|Any CPU
		Debug|x86 = Debug|x86
		Release|Any CPU = Release|Any CPU
		Release|x86 = Release|x86
	EndGlobalSection
	GlobalSection(ProjectConfigurationPlatforms) = postSolution
		{0433DA33-BA14-4E0E-9282-DA06B8B5E64C}.Debug|Any CPU.ActiveCfg = Debug|Any CPU
		{0433DA33-BA14-4E0E-9282-DA06B8B5E64C}.Debug|Any CPU.Build.0 = Debug|Any CPU
		{0433DA33-BA14-4E0E-9282-DA06B8B5E64C}.Debug|x86.ActiveCfg = Debug|Any CPU
		{0433DA33-BA14-4E0E-9282-DA06B8B5E64C}.Debug|x86.Build.0 = Debug|Any CPU
		{0433DA33-BA14-4E0E-9282-DA06B8B5E64C}.Release|Any CPU.ActiveCfg = Release|Any CPU
		{0433DA33-BA14-4E0E-9282-DA06B8B5E64C}.Release|Any CPU.Build.0 = Release|Any CPU
		{0433DA33-BA14-4E0E-9282-DA06B8B5E64C}.Release|x86.ActiveCfg = Release|Any CPU
		{0433DA33-BA14-4E0E-9282-DA06B8B5E64C}.Release|x86.Build.0 = Release|Any CPU
		{BE7F180D-2379-4A56-AB18-8878C05C66D3}.Debug|Any CPU.ActiveCfg = Debug|Any CPU
		{BE7F180D-2379-4A56-AB18-8878C05C66D3}.Debug|Any CPU.Build.0 = Debug|Any CPU
		{BE7F180D-2379-4A56-AB18-8878C05C66D3}.Debug|x86.ActiveCfg = Debug|Any CPU
		{BE7F180D-2379-4A56-AB18-8878C05C66D3}.Debug|x86.Build.0 = Debug|Any CPU
		{BE7F180D-2379-4A56-AB18-8878C05C66D3}.Release|Any CPU.ActiveCfg = Release|Any CPU
		{BE7F180D-2379-4A56-AB18-8878C05C66D3}.Release|Any CPU.Build.0 = Release|Any CPU
		{BE7F180D-2379-4A56-AB18-8878C05C66D3}.Release|x86.ActiveCfg = Release|Any CPU
		{BE7F180D-2379-4A56-AB18-8878C05C66D3}.Release|x86.Build.0 = Release|Any CPU
		{5A9278C1-F4C3-4B04-87A3-04159368DD70}.Debug|Any CPU.ActiveCfg = Debug|Any CPU
		{5A9278C1-F4C3-4B04-87A3-04159368DD70}.Debug|Any CPU.Build.0 = Debug|Any CPU
		{5A9278C1-F4C3-4B04-87A3-04159368DD70}.Debug|x86.ActiveCfg = Debug|Any CPU
		{5A9278C1-F4C3-4B04-87A3-04159368DD70}.Debug|x86.Build.0 = Debug|Any CPU
		{5A9278C1-F4C3-4B04-87A3-04159368DD70}.Release|Any CPU.ActiveCfg = Release|Any CPU
		{5A9278C1-F4C3-4B04-87A3-04159368DD70}.Release|Any CPU.Build.0 = Release|Any CPU
		{5A9278C1-F4C3-4B04-87A3-04159368DD70}.Release|x86.ActiveCfg = Release|Any CPU
		{5A9278C1-F4C3-4B04-87A3-04159368DD70}.Release|x86.Build.0 = Release|Any CPU
		{C633614D-6594-4112-80BF-D2C16C95EF53}.Debug|Any CPU.ActiveCfg = Debug|Any CPU
		{C633614D-6594-4112-80BF-D2C16C95EF53}.Debug|Any CPU.Build.0 = Debug|Any CPU
		{C633614D-6594-4112-80BF-D2C16C95EF53}.Debug|x86.ActiveCfg = Debug|Any CPU
		{C633614D-6594-4112-80BF-D2C16C95EF53}.Debug|x86.Build.0 = Debug|Any CPU
		{C633614D-6594-4112-80BF-D2C16C95EF53}.Release|Any CPU.ActiveCfg = Release|Any CPU
		{C633614D-6594-4112-80BF-D2C16C95EF53}.Release|Any CPU.Build.0 = Release|Any CPU
		{C633614D-6594-4112-80BF-D2C16C95EF53}.Release|x86.ActiveCfg = Release|Any CPU
		{C633614D-6594-4112-80BF-D2C16C95EF53}.Release|x86.Build.0 = Release|Any CPU
		{3F7412F9-D75A-4E43-B274-8356879E97AD}.Debug|Any CPU.ActiveCfg = Debug|Any CPU
		{3F7412F9-D75A-4E43-B274-8356879E97AD}.Debug|Any CPU.Build.0 = Debug|Any CPU
		{3F7412F9-D75A-4E43-B274-8356879E97AD}.Debug|x86.ActiveCfg = Debug|Any CPU
		{3F7412F9-D75A-4E43-B274-8356879E97AD}.Debug|x86.Build.0 = Debug|Any CPU
		{3F7412F9-D75A-4E43-B274-8356879E97AD}.Release|Any CPU.ActiveCfg = Release|Any CPU
		{3F7412F9-D75A-4E43-B274-8356879E97AD}.Release|Any CPU.Build.0 = Release|Any CPU
		{3F7412F9-D75A-4E43-B274-8356879E97AD}.Release|x86.ActiveCfg = Release|Any CPU
		{3F7412F9-D75A-4E43-B274-8356879E97AD}.Release|x86.Build.0 = Release|Any CPU
		{8F3CE747-A58F-42BE-9A31-50F6F2049838}.Debug|Any CPU.ActiveCfg = Debug|Any CPU
		{8F3CE747-A58F-42BE-9A31-50F6F2049838}.Debug|Any CPU.Build.0 = Debug|Any CPU
		{8F3CE747-A58F-42BE-9A31-50F6F2049838}.Debug|x86.ActiveCfg = Debug|Any CPU
		{8F3CE747-A58F-42BE-9A31-50F6F2049838}.Debug|x86.Build.0 = Debug|Any CPU
		{8F3CE747-A58F-42BE-9A31-50F6F2049838}.Release|Any CPU.ActiveCfg = Release|Any CPU
		{8F3CE747-A58F-42BE-9A31-50F6F2049838}.Release|Any CPU.Build.0 = Release|Any CPU
		{8F3CE747-A58F-42BE-9A31-50F6F2049838}.Release|x86.ActiveCfg = Release|Any CPU
		{8F3CE747-A58F-42BE-9A31-50F6F2049838}.Release|x86.Build.0 = Release|Any CPU
		{6721144E-2A67-4516-895D-6F8B0718BCF5}.Debug|Any CPU.ActiveCfg = Debug|Any CPU
		{6721144E-2A67-4516-895D-6F8B0718BCF5}.Debug|Any CPU.Build.0 = Debug|Any CPU
		{6721144E-2A67-4516-895D-6F8B0718BCF5}.Debug|x86.ActiveCfg = Debug|Any CPU
		{6721144E-2A67-4516-895D-6F8B0718BCF5}.Debug|x86.Build.0 = Debug|Any CPU
		{6721144E-2A67-4516-895D-6F8B0718BCF5}.Release|Any CPU.ActiveCfg = Release|Any CPU
		{6721144E-2A67-4516-895D-6F8B0718BCF5}.Release|Any CPU.Build.0 = Release|Any CPU
		{6721144E-2A67-4516-895D-6F8B0718BCF5}.Release|x86.ActiveCfg = Release|Any CPU
		{6721144E-2A67-4516-895D-6F8B0718BCF5}.Release|x86.Build.0 = Release|Any CPU
		{F1FE7CF3-D108-4F93-8A63-FD8D60D89DE2}.Debug|Any CPU.ActiveCfg = Debug|Any CPU
		{F1FE7CF3-D108-4F93-8A63-FD8D60D89DE2}.Debug|Any CPU.Build.0 = Debug|Any CPU
		{F1FE7CF3-D108-4F93-8A63-FD8D60D89DE2}.Debug|x86.ActiveCfg = Debug|Any CPU
		{F1FE7CF3-D108-4F93-8A63-FD8D60D89DE2}.Debug|x86.Build.0 = Debug|Any CPU
		{F1FE7CF3-D108-4F93-8A63-FD8D60D89DE2}.Release|Any CPU.ActiveCfg = Release|Any CPU
		{F1FE7CF3-D108-4F93-8A63-FD8D60D89DE2}.Release|Any CPU.Build.0 = Release|Any CPU
		{F1FE7CF3-D108-4F93-8A63-FD8D60D89DE2}.Release|x86.ActiveCfg = Release|Any CPU
		{F1FE7CF3-D108-4F93-8A63-FD8D60D89DE2}.Release|x86.Build.0 = Release|Any CPU
		{E9857637-79DA-40D3-9AD8-C1499991E3FE}.Debug|Any CPU.ActiveCfg = Debug|Any CPU
		{E9857637-79DA-40D3-9AD8-C1499991E3FE}.Debug|Any CPU.Build.0 = Debug|Any CPU
		{E9857637-79DA-40D3-9AD8-C1499991E3FE}.Debug|x86.ActiveCfg = Debug|Any CPU
		{E9857637-79DA-40D3-9AD8-C1499991E3FE}.Debug|x86.Build.0 = Debug|Any CPU
		{E9857637-79DA-40D3-9AD8-C1499991E3FE}.Release|Any CPU.ActiveCfg = Release|Any CPU
		{E9857637-79DA-40D3-9AD8-C1499991E3FE}.Release|Any CPU.Build.0 = Release|Any CPU
		{E9857637-79DA-40D3-9AD8-C1499991E3FE}.Release|x86.ActiveCfg = Release|Any CPU
		{E9857637-79DA-40D3-9AD8-C1499991E3FE}.Release|x86.Build.0 = Release|Any CPU
		{567458A9-D89F-49B7-95A4-C8241E0F0736}.Debug|Any CPU.ActiveCfg = Debug|Any CPU
		{567458A9-D89F-49B7-95A4-C8241E0F0736}.Debug|Any CPU.Build.0 = Debug|Any CPU
		{567458A9-D89F-49B7-95A4-C8241E0F0736}.Debug|x86.ActiveCfg = Debug|Any CPU
		{567458A9-D89F-49B7-95A4-C8241E0F0736}.Debug|x86.Build.0 = Debug|Any CPU
		{567458A9-D89F-49B7-95A4-C8241E0F0736}.Release|Any CPU.ActiveCfg = Release|Any CPU
		{567458A9-D89F-49B7-95A4-C8241E0F0736}.Release|Any CPU.Build.0 = Release|Any CPU
		{567458A9-D89F-49B7-95A4-C8241E0F0736}.Release|x86.ActiveCfg = Release|Any CPU
		{567458A9-D89F-49B7-95A4-C8241E0F0736}.Release|x86.Build.0 = Release|Any CPU
	EndGlobalSection
	GlobalSection(SolutionProperties) = preSolution
		HideSolutionNode = FALSE
	EndGlobalSection
	GlobalSection(NestedProjects) = preSolution
		{0433DA33-BA14-4E0E-9282-DA06B8B5E64C} = {B0C1FEBD-9F94-431A-8FFE-5471A8A12AAA}
		{BE7F180D-2379-4A56-AB18-8878C05C66D3} = {B0C1FEBD-9F94-431A-8FFE-5471A8A12AAA}
		{5A9278C1-F4C3-4B04-87A3-04159368DD70} = {B0C1FEBD-9F94-431A-8FFE-5471A8A12AAA}
		{C633614D-6594-4112-80BF-D2C16C95EF53} = {B4BBDD27-D2F2-4BEC-94D9-4198D686183F}
		{3F7412F9-D75A-4E43-B274-8356879E97AD} = {EBC55C76-72BE-4651-A40E-E545C33B7BD0}
		{8F3CE747-A58F-42BE-9A31-50F6F2049838} = {B531780F-4CB0-47CD-B83B-69C2C2145994}
		{6721144E-2A67-4516-895D-6F8B0718BCF5} = {B531780F-4CB0-47CD-B83B-69C2C2145994}
		{F1FE7CF3-D108-4F93-8A63-FD8D60D89DE2} = {BE1DFF1B-3823-4925-803A-60C856BD4826}
		{E9857637-79DA-40D3-9AD8-C1499991E3FE} = {B531780F-4CB0-47CD-B83B-69C2C2145994}
		{567458A9-D89F-49B7-95A4-C8241E0F0736} = {9D0AF577-C899-42EC-8386-F4D84AC680A4}
	EndGlobalSection
	GlobalSection(ExtensibilityGlobals) = postSolution
		SolutionGuid = {9E1D05E9-1C11-49D4-AFC6-FC2C62B9247E}
	EndGlobalSection
EndGlobal
